
Microsoft Visual Studio Solution File, Format Version 12.00
# Visual Studio 15
VisualStudioVersion = 15.0.27130.2024
MinimumVisualStudioVersion = 10.0.40219.1
Project("{FAE04EC0-301F-11D3-BF4B-00C04F79EFBC}") = "ApiJwtEFInMemory", "ApiJwtEFInMemory\ApiJwtEFInMemory.csproj", "{CAAAA0E7-F7AC-48FF-BD51-9E4F59E8D353}"
EndProject
Global
	GlobalSection(SolutionConfigurationPlatforms) = preSolution
		Debug|Any CPU = Debug|Any CPU
		Release|Any CPU = Release|Any CPU
	EndGlobalSection
	GlobalSection(ProjectConfigurationPlatforms) = postSolution
		{CAAAA0E7-F7AC-48FF-BD51-9E4F59E8D353}.Debug|Any CPU.ActiveCfg = Debug|Any CPU
		{CAAAA0E7-F7AC-48FF-BD51-9E4F59E8D353}.Debug|Any CPU.Build.0 = Debug|Any CPU
		{CAAAA0E7-F7AC-48FF-BD51-9E4F59E8D353}.Release|Any CPU.ActiveCfg = Release|Any CPU
		{CAAAA0E7-F7AC-48FF-BD51-9E4F59E8D353}.Release|Any CPU.Build.0 = Release|Any CPU
	EndGlobalSection
	GlobalSection(SolutionProperties) = preSolution
		HideSolutionNode = FALSE
	EndGlobalSection
	GlobalSection(ExtensibilityGlobals) = postSolution
		SolutionGuid = {AD3C5EC1-5837-4D8F-8D34-4CB849503DF5}
	EndGlobalSection
EndGlobal
